
Microsoft Visual Studio Solution File, Format Version 12.00
# Visual Studio Version 17
VisualStudioVersion = 17.8.34309.116
MinimumVisualStudioVersion = 10.0.40219.1
Project("{FAE04EC0-301F-11D3-BF4B-00C04F79EFBC}") = "ProblemsInC#", "ProblemsInC#\ProblemsInC#.csproj", "{3A801B04-3EE5-43F9-B19A-F1938FBD4473}"
EndProject
Global
	GlobalSection(SolutionConfigurationPlatforms) = preSolution
		Debug|Any CPU = Debug|Any CPU
		Release|Any CPU = Release|Any CPU
	EndGlobalSection
	GlobalSection(ProjectConfigurationPlatforms) = postSolution
		{3A801B04-3EE5-43F9-B19A-F1938FBD4473}.Debug|Any CPU.ActiveCfg = Debug|Any CPU
		{3A801B04-3EE5-43F9-B19A-F1938FBD4473}.Debug|Any CPU.Build.0 = Debug|Any CPU
		{3A801B04-3EE5-43F9-B19A-F1938FBD4473}.Release|Any CPU.ActiveCfg = Release|Any CPU
		{3A801B04-3EE5-43F9-B19A-F1938FBD4473}.Release|Any CPU.Build.0 = Release|Any CPU
	EndGlobalSection
	GlobalSection(SolutionProperties) = preSolution
		HideSolutionNode = FALSE
	EndGlobalSection
	GlobalSection(ExtensibilityGlobals) = postSolution
		SolutionGuid = {BBCAFB73-E1ED-4A63-9C88-DA8DACFDCF80}
	EndGlobalSection
EndGlobal
